// !$*UTF8*$!
{
	archiveVersion = 1;
	classes = {
	};
	objectVersion = 56;
	objects = {

/* Begin PBXBuildFile section */
		735A59C12BD0414000CD12DE /* SocialMediaApp.swift in Sources */ = {isa = PBXBuildFile; fileRef = 735A59C02BD0414000CD12DE /* SocialMediaApp.swift */; };
		735A59C32BD0414000CD12DE /* ContentView.swift in Sources */ = {isa = PBXBuildFile; fileRef = 735A59C22BD0414000CD12DE /* ContentView.swift */; };
		735A59C52BD0414200CD12DE /* Assets.xcassets in Resources */ = {isa = PBXBuildFile; fileRef = 735A59C42BD0414200CD12DE /* Assets.xcassets */; };
		735A59C82BD0414200CD12DE /* Preview Assets.xcassets in Resources */ = {isa = PBXBuildFile; fileRef = 735A59C72BD0414200CD12DE /* Preview Assets.xcassets */; };
		735A59D82BD14B0100CD12DE /* LoginView.swift in Sources */ = {isa = PBXBuildFile; fileRef = 735A59D72BD14B0100CD12DE /* LoginView.swift */; };
		735A59DC2BD151B300CD12DE /* RegistrationView.swift in Sources */ = {isa = PBXBuildFile; fileRef = 735A59DB2BD151B300CD12DE /* RegistrationView.swift */; };
		735A59DF2BD1538200CD12DE /* TextFieldViewModifier.swift in Sources */ = {isa = PBXBuildFile; fileRef = 735A59DE2BD1538200CD12DE /* TextFieldViewModifier.swift */; };
		735A59E12BD1554300CD12DE /* ButtonTextViewModifier.swift in Sources */ = {isa = PBXBuildFile; fileRef = 735A59E02BD1554300CD12DE /* ButtonTextViewModifier.swift */; };
		735A59E62BD158E400CD12DE /* TabBarView.swift in Sources */ = {isa = PBXBuildFile; fileRef = 735A59E52BD158E400CD12DE /* TabBarView.swift */; };
		735A59ED2BD15BA000CD12DE /* FeedView.swift in Sources */ = {isa = PBXBuildFile; fileRef = 735A59EC2BD15BA000CD12DE /* FeedView.swift */; };
		735A59EF2BD15BA500CD12DE /* ExploreView.swift in Sources */ = {isa = PBXBuildFile; fileRef = 735A59EE2BD15BA500CD12DE /* ExploreView.swift */; };
		735A59F12BD15BAB00CD12DE /* CreationView.swift in Sources */ = {isa = PBXBuildFile; fileRef = 735A59F02BD15BAB00CD12DE /* CreationView.swift */; };
		735A59F32BD15BB100CD12DE /* ActivityView.swift in Sources */ = {isa = PBXBuildFile; fileRef = 735A59F22BD15BB100CD12DE /* ActivityView.swift */; };
		735A59F52BD15BB600CD12DE /* ProfileView.swift in Sources */ = {isa = PBXBuildFile; fileRef = 735A59F42BD15BB600CD12DE /* ProfileView.swift */; };
		735A59F72BD2981100CD12DE /* FeedCell.swift in Sources */ = {isa = PBXBuildFile; fileRef = 735A59F62BD2981100CD12DE /* FeedCell.swift */; };
		735A59F92BD2C96900CD12DE /* ExploreCell.swift in Sources */ = {isa = PBXBuildFile; fileRef = 735A59F82BD2C96900CD12DE /* ExploreCell.swift */; };
		735A59FC2BD2CBF500CD12DE /* CircularProfileImageView.swift in Sources */ = {isa = PBXBuildFile; fileRef = 735A59FB2BD2CBF500CD12DE /* CircularProfileImageView.swift */; };
		735A59FE2BD2D60300CD12DE /* ProfileFilter.swift in Sources */ = {isa = PBXBuildFile; fileRef = 735A59FD2BD2D60300CD12DE /* ProfileFilter.swift */; };
		73856DEF2BD7B6A100816A7D /* EditProfileView.swift in Sources */ = {isa = PBXBuildFile; fileRef = 73856DEE2BD7B6A100816A7D /* EditProfileView.swift */; };
/* End PBXBuildFile section */

/* Begin PBXFileReference section */
		735A59BD2BD0414000CD12DE /* SocialMedia.app */ = {isa = PBXFileReference; explicitFileType = wrapper.application; includeInIndex = 0; path = SocialMedia.app; sourceTree = BUILT_PRODUCTS_DIR; };
		735A59C02BD0414000CD12DE /* SocialMediaApp.swift */ = {isa = PBXFileReference; lastKnownFileType = sourcecode.swift; path = SocialMediaApp.swift; sourceTree = "<group>"; };
		735A59C22BD0414000CD12DE /* ContentView.swift */ = {isa = PBXFileReference; lastKnownFileType = sourcecode.swift; path = ContentView.swift; sourceTree = "<group>"; };
		735A59C42BD0414200CD12DE /* Assets.xcassets */ = {isa = PBXFileReference; lastKnownFileType = folder.assetcatalog; path = Assets.xcassets; sourceTree = "<group>"; };
		735A59C72BD0414200CD12DE /* Preview Assets.xcassets */ = {isa = PBXFileReference; lastKnownFileType = folder.assetcatalog; path = "Preview Assets.xcassets"; sourceTree = "<group>"; };
		735A59D72BD14B0100CD12DE /* LoginView.swift */ = {isa = PBXFileReference; lastKnownFileType = sourcecode.swift; path = LoginView.swift; sourceTree = "<group>"; };
		735A59DB2BD151B300CD12DE /* RegistrationView.swift */ = {isa = PBXFileReference; lastKnownFileType = sourcecode.swift; path = RegistrationView.swift; sourceTree = "<group>"; };
		735A59DE2BD1538200CD12DE /* TextFieldViewModifier.swift */ = {isa = PBXFileReference; lastKnownFileType = sourcecode.swift; path = TextFieldViewModifier.swift; sourceTree = "<group>"; };
		735A59E02BD1554300CD12DE /* ButtonTextViewModifier.swift */ = {isa = PBXFileReference; lastKnownFileType = sourcecode.swift; path = ButtonTextViewModifier.swift; sourceTree = "<group>"; };
		735A59E52BD158E400CD12DE /* TabBarView.swift */ = {isa = PBXFileReference; lastKnownFileType = sourcecode.swift; path = TabBarView.swift; sourceTree = "<group>"; };
		735A59EC2BD15BA000CD12DE /* FeedView.swift */ = {isa = PBXFileReference; lastKnownFileType = sourcecode.swift; path = FeedView.swift; sourceTree = "<group>"; };
		735A59EE2BD15BA500CD12DE /* ExploreView.swift */ = {isa = PBXFileReference; lastKnownFileType = sourcecode.swift; path = ExploreView.swift; sourceTree = "<group>"; };
		735A59F02BD15BAB00CD12DE /* CreationView.swift */ = {isa = PBXFileReference; lastKnownFileType = sourcecode.swift; path = CreationView.swift; sourceTree = "<group>"; };
		735A59F22BD15BB100CD12DE /* ActivityView.swift */ = {isa = PBXFileReference; lastKnownFileType = sourcecode.swift; path = ActivityView.swift; sourceTree = "<group>"; };
		735A59F42BD15BB600CD12DE /* ProfileView.swift */ = {isa = PBXFileReference; lastKnownFileType = sourcecode.swift; path = ProfileView.swift; sourceTree = "<group>"; };
		735A59F62BD2981100CD12DE /* FeedCell.swift */ = {isa = PBXFileReference; lastKnownFileType = sourcecode.swift; path = FeedCell.swift; sourceTree = "<group>"; };
		735A59F82BD2C96900CD12DE /* ExploreCell.swift */ = {isa = PBXFileReference; lastKnownFileType = sourcecode.swift; path = ExploreCell.swift; sourceTree = "<group>"; };
		735A59FB2BD2CBF500CD12DE /* CircularProfileImageView.swift */ = {isa = PBXFileReference; lastKnownFileType = sourcecode.swift; path = CircularProfileImageView.swift; sourceTree = "<group>"; };
		735A59FD2BD2D60300CD12DE /* ProfileFilter.swift */ = {isa = PBXFileReference; lastKnownFileType = sourcecode.swift; path = ProfileFilter.swift; sourceTree = "<group>"; };
		73856DEE2BD7B6A100816A7D /* EditProfileView.swift */ = {isa = PBXFileReference; lastKnownFileType = sourcecode.swift; path = EditProfileView.swift; sourceTree = "<group>"; };
/* End PBXFileReference section */

/* Begin PBXFrameworksBuildPhase section */
		735A59BA2BD0414000CD12DE /* Frameworks */ = {
			isa = PBXFrameworksBuildPhase;
			buildActionMask = 2147483647;
			files = (
			);
			runOnlyForDeploymentPostprocessing = 0;
		};
/* End PBXFrameworksBuildPhase section */

/* Begin PBXGroup section */
		735A59B42BD0414000CD12DE = {
			isa = PBXGroup;
			children = (
				735A59BF2BD0414000CD12DE /* SocialMedia */,
				735A59BE2BD0414000CD12DE /* Products */,
			);
			sourceTree = "<group>";
		};
		735A59BE2BD0414000CD12DE /* Products */ = {
			isa = PBXGroup;
			children = (
				735A59BD2BD0414000CD12DE /* SocialMedia.app */,
			);
			name = Products;
			sourceTree = "<group>";
		};
		735A59BF2BD0414000CD12DE /* SocialMedia */ = {
			isa = PBXGroup;
			children = (
				735A59D32BD149EA00CD12DE /* App */,
				735A59D22BD149E900CD12DE /* Core */,
				735A59D12BD149E700CD12DE /* Extensions */,
				735A59D02BD149E600CD12DE /* Services */,
				735A59CF2BD149E500CD12DE /* Utilities */,
				735A59D62BD14A6D00CD12DE /* Resources */,
				735A59C62BD0414200CD12DE /* Preview Content */,
			);
			path = SocialMedia;
			sourceTree = "<group>";
		};
		735A59C62BD0414200CD12DE /* Preview Content */ = {
			isa = PBXGroup;
			children = (
				735A59C72BD0414200CD12DE /* Preview Assets.xcassets */,
			);
			path = "Preview Content";
			sourceTree = "<group>";
		};
		735A59CF2BD149E500CD12DE /* Utilities */ = {
			isa = PBXGroup;
			children = (
				735A59DD2BD1536700CD12DE /* ViewModifiers */,
			);
			path = Utilities;
			sourceTree = "<group>";
		};
		735A59D02BD149E600CD12DE /* Services */ = {
			isa = PBXGroup;
			children = (
			);
			path = Services;
			sourceTree = "<group>";
		};
		735A59D12BD149E700CD12DE /* Extensions */ = {
			isa = PBXGroup;
			children = (
			);
			path = Extensions;
			sourceTree = "<group>";
		};
		735A59D22BD149E900CD12DE /* Core */ = {
			isa = PBXGroup;
			children = (
				735A59FA2BD2CBDD00CD12DE /* Components */,
				735A59D42BD14A3000CD12DE /* Authentification */,
				735A59EB2BD15B3300CD12DE /* Feed */,
				735A59EA2BD15B3200CD12DE /* Explore */,
				735A59E92BD15B3100CD12DE /* Creation */,
				735A59E82BD15B2F00CD12DE /* Activity */,
				735A59E72BD15B2E00CD12DE /* Profile */,
				735A59D52BD14A3400CD12DE /* Root */,
				735A59E22BD1577F00CD12DE /* TabBar */,
			);
			path = Core;
			sourceTree = "<group>";
		};
		735A59D32BD149EA00CD12DE /* App */ = {
			isa = PBXGroup;
			children = (
				735A59C02BD0414000CD12DE /* SocialMediaApp.swift */,
			);
			path = App;
			sourceTree = "<group>";
		};
		735A59D42BD14A3000CD12DE /* Authentification */ = {
			isa = PBXGroup;
			children = (
				735A59D72BD14B0100CD12DE /* LoginView.swift */,
				735A59DB2BD151B300CD12DE /* RegistrationView.swift */,
			);
			path = Authentification;
			sourceTree = "<group>";
		};
		735A59D52BD14A3400CD12DE /* Root */ = {
			isa = PBXGroup;
			children = (
				735A59C22BD0414000CD12DE /* ContentView.swift */,
			);
			path = Root;
			sourceTree = "<group>";
		};
		735A59D62BD14A6D00CD12DE /* Resources */ = {
			isa = PBXGroup;
			children = (
				735A59C42BD0414200CD12DE /* Assets.xcassets */,
			);
			path = Resources;
			sourceTree = "<group>";
		};
		735A59DD2BD1536700CD12DE /* ViewModifiers */ = {
			isa = PBXGroup;
			children = (
				735A59DE2BD1538200CD12DE /* TextFieldViewModifier.swift */,
				735A59E02BD1554300CD12DE /* ButtonTextViewModifier.swift */,
			);
			path = ViewModifiers;
			sourceTree = "<group>";
		};
		735A59E22BD1577F00CD12DE /* TabBar */ = {
			isa = PBXGroup;
			children = (
				735A59E52BD158E400CD12DE /* TabBarView.swift */,
			);
			path = TabBar;
			sourceTree = "<group>";
		};
		735A59E72BD15B2E00CD12DE /* Profile */ = {
			isa = PBXGroup;
			children = (
				73856DED2BD7B69600816A7D /* EditProfile */,
				735A59FD2BD2D60300CD12DE /* ProfileFilter.swift */,
				735A59F42BD15BB600CD12DE /* ProfileView.swift */,
			);
			path = Profile;
			sourceTree = "<group>";
		};
		735A59E82BD15B2F00CD12DE /* Activity */ = {
			isa = PBXGroup;
			children = (
				735A59F22BD15BB100CD12DE /* ActivityView.swift */,
			);
			path = Activity;
			sourceTree = "<group>";
		};
		735A59E92BD15B3100CD12DE /* Creation */ = {
			isa = PBXGroup;
			children = (
				735A59F02BD15BAB00CD12DE /* CreationView.swift */,
			);
			path = Creation;
			sourceTree = "<group>";
		};
		735A59EA2BD15B3200CD12DE /* Explore */ = {
			isa = PBXGroup;
			children = (
				735A59EE2BD15BA500CD12DE /* ExploreView.swift */,
				735A59F82BD2C96900CD12DE /* ExploreCell.swift */,
			);
			path = Explore;
			sourceTree = "<group>";
		};
		735A59EB2BD15B3300CD12DE /* Feed */ = {
			isa = PBXGroup;
			children = (
				735A59EC2BD15BA000CD12DE /* FeedView.swift */,
				735A59F62BD2981100CD12DE /* FeedCell.swift */,
			);
			path = Feed;
			sourceTree = "<group>";
		};
		735A59FA2BD2CBDD00CD12DE /* Components */ = {
			isa = PBXGroup;
			children = (
				735A59FB2BD2CBF500CD12DE /* CircularProfileImageView.swift */,
			);
			path = Components;
			sourceTree = "<group>";
		};
		73856DED2BD7B69600816A7D /* EditProfile */ = {
			isa = PBXGroup;
			children = (
				73856DEE2BD7B6A100816A7D /* EditProfileView.swift */,
			);
			path = EditProfile;
			sourceTree = "<group>";
		};
/* End PBXGroup section */

/* Begin PBXNativeTarget section */
		735A59BC2BD0414000CD12DE /* SocialMedia */ = {
			isa = PBXNativeTarget;
			buildConfigurationList = 735A59CB2BD0414200CD12DE /* Build configuration list for PBXNativeTarget "SocialMedia" */;
			buildPhases = (
				735A59B92BD0414000CD12DE /* Sources */,
				735A59BA2BD0414000CD12DE /* Frameworks */,
				735A59BB2BD0414000CD12DE /* Resources */,
			);
			buildRules = (
			);
			dependencies = (
			);
			name = SocialMedia;
			productName = SocialMedia;
			productReference = 735A59BD2BD0414000CD12DE /* SocialMedia.app */;
			productType = "com.apple.product-type.application";
		};
/* End PBXNativeTarget section */

/* Begin PBXProject section */
		735A59B52BD0414000CD12DE /* Project object */ = {
			isa = PBXProject;
			attributes = {
				BuildIndependentTargetsInParallel = 1;
				LastSwiftUpdateCheck = 1530;
				LastUpgradeCheck = 1530;
				TargetAttributes = {
					735A59BC2BD0414000CD12DE = {
						CreatedOnToolsVersion = 15.3;
					};
				};
			};
			buildConfigurationList = 735A59B82BD0414000CD12DE /* Build configuration list for PBXProject "SocialMedia" */;
			compatibilityVersion = "Xcode 14.0";
			developmentRegion = en;
			hasScannedForEncodings = 0;
			knownRegions = (
				en,
				Base,
			);
			mainGroup = 735A59B42BD0414000CD12DE;
			productRefGroup = 735A59BE2BD0414000CD12DE /* Products */;
			projectDirPath = "";
			projectRoot = "";
			targets = (
				735A59BC2BD0414000CD12DE /* SocialMedia */,
			);
		};
/* End PBXProject section */

/* Begin PBXResourcesBuildPhase section */
		735A59BB2BD0414000CD12DE /* Resources */ = {
			isa = PBXResourcesBuildPhase;
			buildActionMask = 2147483647;
			files = (
				735A59C82BD0414200CD12DE /* Preview Assets.xcassets in Resources */,
				735A59C52BD0414200CD12DE /* Assets.xcassets in Resources */,
			);
			runOnlyForDeploymentPostprocessing = 0;
		};
/* End PBXResourcesBuildPhase section */

/* Begin PBXSourcesBuildPhase section */
		735A59B92BD0414000CD12DE /* Sources */ = {
			isa = PBXSourcesBuildPhase;
			buildActionMask = 2147483647;
			files = (
				735A59F32BD15BB100CD12DE /* ActivityView.swift in Sources */,
				73856DEF2BD7B6A100816A7D /* EditProfileView.swift in Sources */,
				735A59F72BD2981100CD12DE /* FeedCell.swift in Sources */,
				735A59ED2BD15BA000CD12DE /* FeedView.swift in Sources */,
				735A59F12BD15BAB00CD12DE /* CreationView.swift in Sources */,
				735A59FC2BD2CBF500CD12DE /* CircularProfileImageView.swift in Sources */,
				735A59FE2BD2D60300CD12DE /* ProfileFilter.swift in Sources */,
				735A59EF2BD15BA500CD12DE /* ExploreView.swift in Sources */,
				735A59F52BD15BB600CD12DE /* ProfileView.swift in Sources */,
				735A59DF2BD1538200CD12DE /* TextFieldViewModifier.swift in Sources */,
				735A59D82BD14B0100CD12DE /* LoginView.swift in Sources */,
				735A59E62BD158E400CD12DE /* TabBarView.swift in Sources */,
				735A59E12BD1554300CD12DE /* ButtonTextViewModifier.swift in Sources */,
				735A59C32BD0414000CD12DE /* ContentView.swift in Sources */,
				735A59C12BD0414000CD12DE /* SocialMediaApp.swift in Sources */,
				735A59DC2BD151B300CD12DE /* RegistrationView.swift in Sources */,
				735A59F92BD2C96900CD12DE /* ExploreCell.swift in Sources */,
			);
			runOnlyForDeploymentPostprocessing = 0;
		};
/* End PBXSourcesBuildPhase section */

/* Begin XCBuildConfiguration section */
		735A59C92BD0414200CD12DE /* Debug */ = {
			isa = XCBuildConfiguration;
			buildSettings = {
				ALWAYS_SEARCH_USER_PATHS = NO;
				ASSETCATALOG_COMPILER_GENERATE_SWIFT_ASSET_SYMBOL_EXTENSIONS = YES;
				CLANG_ANALYZER_NONNULL = YES;
				CLANG_ANALYZER_NUMBER_OBJECT_CONVERSION = YES_AGGRESSIVE;
				CLANG_CXX_LANGUAGE_STANDARD = "gnu++20";
				CLANG_ENABLE_MODULES = YES;
				CLANG_ENABLE_OBJC_ARC = YES;
				CLANG_ENABLE_OBJC_WEAK = YES;
				CLANG_WARN_BLOCK_CAPTURE_AUTORELEASING = YES;
				CLANG_WARN_BOOL_CONVERSION = YES;
				CLANG_WARN_COMMA = YES;
				CLANG_WARN_CONSTANT_CONVERSION = YES;
				CLANG_WARN_DEPRECATED_OBJC_IMPLEMENTATIONS = YES;
				CLANG_WARN_DIRECT_OBJC_ISA_USAGE = YES_ERROR;
				CLANG_WARN_DOCUMENTATION_COMMENTS = YES;
				CLANG_WARN_EMPTY_BODY = YES;
				CLANG_WARN_ENUM_CONVERSION = YES;
				CLANG_WARN_INFINITE_RECURSION = YES;
				CLANG_WARN_INT_CONVERSION = YES;
				CLANG_WARN_NON_LITERAL_NULL_CONVERSION = YES;
				CLANG_WARN_OBJC_IMPLICIT_RETAIN_SELF = YES;
				CLANG_WARN_OBJC_LITERAL_CONVERSION = YES;
				CLANG_WARN_OBJC_ROOT_CLASS = YES_ERROR;
				CLANG_WARN_QUOTED_INCLUDE_IN_FRAMEWORK_HEADER = YES;
				CLANG_WARN_RANGE_LOOP_ANALYSIS = YES;
				CLANG_WARN_STRICT_PROTOTYPES = YES;
				CLANG_WARN_SUSPICIOUS_MOVE = YES;
				CLANG_WARN_UNGUARDED_AVAILABILITY = YES_AGGRESSIVE;
				CLANG_WARN_UNREACHABLE_CODE = YES;
				CLANG_WARN__DUPLICATE_METHOD_MATCH = YES;
				COPY_PHASE_STRIP = NO;
				DEBUG_INFORMATION_FORMAT = dwarf;
				ENABLE_STRICT_OBJC_MSGSEND = YES;
				ENABLE_TESTABILITY = YES;
				ENABLE_USER_SCRIPT_SANDBOXING = YES;
				GCC_C_LANGUAGE_STANDARD = gnu17;
				GCC_DYNAMIC_NO_PIC = NO;
				GCC_NO_COMMON_BLOCKS = YES;
				GCC_OPTIMIZATION_LEVEL = 0;
				GCC_PREPROCESSOR_DEFINITIONS = (
					"DEBUG=1",
					"$(inherited)",
				);
				GCC_WARN_64_TO_32_BIT_CONVERSION = YES;
				GCC_WARN_ABOUT_RETURN_TYPE = YES_ERROR;
				GCC_WARN_UNDECLARED_SELECTOR = YES;
				GCC_WARN_UNINITIALIZED_AUTOS = YES_AGGRESSIVE;
				GCC_WARN_UNUSED_FUNCTION = YES;
				GCC_WARN_UNUSED_VARIABLE = YES;
				IPHONEOS_DEPLOYMENT_TARGET = 17.4;
				LOCALIZATION_PREFERS_STRING_CATALOGS = YES;
				MTL_ENABLE_DEBUG_INFO = INCLUDE_SOURCE;
				MTL_FAST_MATH = YES;
				ONLY_ACTIVE_ARCH = YES;
				SDKROOT = iphoneos;
				SWIFT_ACTIVE_COMPILATION_CONDITIONS = "DEBUG $(inherited)";
				SWIFT_OPTIMIZATION_LEVEL = "-Onone";
			};
			name = Debug;
		};
		735A59CA2BD0414200CD12DE /* Release */ = {
			isa = XCBuildConfiguration;
			buildSettings = {
				ALWAYS_SEARCH_USER_PATHS = NO;
				ASSETCATALOG_COMPILER_GENERATE_SWIFT_ASSET_SYMBOL_EXTENSIONS = YES;
				CLANG_ANALYZER_NONNULL = YES;
				CLANG_ANALYZER_NUMBER_OBJECT_CONVERSION = YES_AGGRESSIVE;
				CLANG_CXX_LANGUAGE_STANDARD = "gnu++20";
				CLANG_ENABLE_MODULES = YES;
				CLANG_ENABLE_OBJC_ARC = YES;
				CLANG_ENABLE_OBJC_WEAK = YES;
				CLANG_WARN_BLOCK_CAPTURE_AUTORELEASING = YES;
				CLANG_WARN_BOOL_CONVERSION = YES;
				CLANG_WARN_COMMA = YES;
				CLANG_WARN_CONSTANT_CONVERSION = YES;
				CLANG_WARN_DEPRECATED_OBJC_IMPLEMENTATIONS = YES;
				CLANG_WARN_DIRECT_OBJC_ISA_USAGE = YES_ERROR;
				CLANG_WARN_DOCUMENTATION_COMMENTS = YES;
				CLANG_WARN_EMPTY_BODY = YES;
				CLANG_WARN_ENUM_CONVERSION = YES;
				CLANG_WARN_INFINITE_RECURSION = YES;
				CLANG_WARN_INT_CONVERSION = YES;
				CLANG_WARN_NON_LITERAL_NULL_CONVERSION = YES;
				CLANG_WARN_OBJC_IMPLICIT_RETAIN_SELF = YES;
				CLANG_WARN_OBJC_LITERAL_CONVERSION = YES;
				CLANG_WARN_OBJC_ROOT_CLASS = YES_ERROR;
				CLANG_WARN_QUOTED_INCLUDE_IN_FRAMEWORK_HEADER = YES;
				CLANG_WARN_RANGE_LOOP_ANALYSIS = YES;
				CLANG_WARN_STRICT_PROTOTYPES = YES;
				CLANG_WARN_SUSPICIOUS_MOVE = YES;
				CLANG_WARN_UNGUARDED_AVAILABILITY = YES_AGGRESSIVE;
				CLANG_WARN_UNREACHABLE_CODE = YES;
				CLANG_WARN__DUPLICATE_METHOD_MATCH = YES;
				COPY_PHASE_STRIP = NO;
				DEBUG_INFORMATION_FORMAT = "dwarf-with-dsym";
				ENABLE_NS_ASSERTIONS = NO;
				ENABLE_STRICT_OBJC_MSGSEND = YES;
				ENABLE_USER_SCRIPT_SANDBOXING = YES;
				GCC_C_LANGUAGE_STANDARD = gnu17;
				GCC_NO_COMMON_BLOCKS = YES;
				GCC_WARN_64_TO_32_BIT_CONVERSION = YES;
				GCC_WARN_ABOUT_RETURN_TYPE = YES_ERROR;
				GCC_WARN_UNDECLARED_SELECTOR = YES;
				GCC_WARN_UNINITIALIZED_AUTOS = YES_AGGRESSIVE;
				GCC_WARN_UNUSED_FUNCTION = YES;
				GCC_WARN_UNUSED_VARIABLE = YES;
				IPHONEOS_DEPLOYMENT_TARGET = 17.4;
				LOCALIZATION_PREFERS_STRING_CATALOGS = YES;
				MTL_ENABLE_DEBUG_INFO = NO;
				MTL_FAST_MATH = YES;
				SDKROOT = iphoneos;
				SWIFT_COMPILATION_MODE = wholemodule;
				VALIDATE_PRODUCT = YES;
			};
			name = Release;
		};
		735A59CC2BD0414200CD12DE /* Debug */ = {
			isa = XCBuildConfiguration;
			buildSettings = {
				ASSETCATALOG_COMPILER_APPICON_NAME = AppIcon;
				ASSETCATALOG_COMPILER_GLOBAL_ACCENT_COLOR_NAME = AccentColor;
				CODE_SIGN_STYLE = Automatic;
				CURRENT_PROJECT_VERSION = 1;
				DEVELOPMENT_ASSET_PATHS = "\"SocialMedia/Preview Content\"";
				DEVELOPMENT_TEAM = AUR8GZBZK7;
				ENABLE_PREVIEWS = YES;
				GENERATE_INFOPLIST_FILE = YES;
				INFOPLIST_KEY_UIApplicationSceneManifest_Generation = YES;
				INFOPLIST_KEY_UIApplicationSupportsIndirectInputEvents = YES;
				INFOPLIST_KEY_UILaunchScreen_Generation = YES;
				INFOPLIST_KEY_UISupportedInterfaceOrientations_iPad = "UIInterfaceOrientationPortrait UIInterfaceOrientationPortraitUpsideDown UIInterfaceOrientationLandscapeLeft UIInterfaceOrientationLandscapeRight";
				INFOPLIST_KEY_UISupportedInterfaceOrientations_iPhone = "UIInterfaceOrientationPortrait UIInterfaceOrientationLandscapeLeft UIInterfaceOrientationLandscapeRight";
				LD_RUNPATH_SEARCH_PATHS = (
					"$(inherited)",
					"@executable_path/Frameworks",
				);
				MARKETING_VERSION = 1.0;
				PRODUCT_BUNDLE_IDENTIFIER = com.my.SocialMedia;
				PRODUCT_NAME = "$(TARGET_NAME)";
				SWIFT_EMIT_LOC_STRINGS = YES;
				SWIFT_VERSION = 5.0;
				TARGETED_DEVICE_FAMILY = "1,2";
			};
			name = Debug;
		};
		735A59CD2BD0414200CD12DE /* Release */ = {
			isa = XCBuildConfiguration;
			buildSettings = {
				ASSETCATALOG_COMPILER_APPICON_NAME = AppIcon;
				ASSETCATALOG_COMPILER_GLOBAL_ACCENT_COLOR_NAME = AccentColor;
				CODE_SIGN_STYLE = Automatic;
				CURRENT_PROJECT_VERSION = 1;
				DEVELOPMENT_ASSET_PATHS = "\"SocialMedia/Preview Content\"";
				DEVELOPMENT_TEAM = AUR8GZBZK7;
				ENABLE_PREVIEWS = YES;
				GENERATE_INFOPLIST_FILE = YES;
				INFOPLIST_KEY_UIApplicationSceneManifest_Generation = YES;
				INFOPLIST_KEY_UIApplicationSupportsIndirectInputEvents = YES;
				INFOPLIST_KEY_UILaunchScreen_Generation = YES;
				INFOPLIST_KEY_UISupportedInterfaceOrientations_iPad = "UIInterfaceOrientationPortrait UIInterfaceOrientationPortraitUpsideDown UIInterfaceOrientationLandscapeLeft UIInterfaceOrientationLandscapeRight";
				INFOPLIST_KEY_UISupportedInterfaceOrientations_iPhone = "UIInterfaceOrientationPortrait UIInterfaceOrientationLandscapeLeft UIInterfaceOrientationLandscapeRight";
				LD_RUNPATH_SEARCH_PATHS = (
					"$(inherited)",
					"@executable_path/Frameworks",
				);
				MARKETING_VERSION = 1.0;
				PRODUCT_BUNDLE_IDENTIFIER = com.my.SocialMedia;
				PRODUCT_NAME = "$(TARGET_NAME)";
				SWIFT_EMIT_LOC_STRINGS = YES;
				SWIFT_VERSION = 5.0;
				TARGETED_DEVICE_FAMILY = "1,2";
			};
			name = Release;
		};
/* End XCBuildConfiguration section */

/* Begin XCConfigurationList section */
		735A59B82BD0414000CD12DE /* Build configuration list for PBXProject "SocialMedia" */ = {
			isa = XCConfigurationList;
			buildConfigurations = (
				735A59C92BD0414200CD12DE /* Debug */,
				735A59CA2BD0414200CD12DE /* Release */,
			);
			defaultConfigurationIsVisible = 0;
			defaultConfigurationName = Release;
		};
		735A59CB2BD0414200CD12DE /* Build configuration list for PBXNativeTarget "SocialMedia" */ = {
			isa = XCConfigurationList;
			buildConfigurations = (
				735A59CC2BD0414200CD12DE /* Debug */,
				735A59CD2BD0414200CD12DE /* Release */,
			);
			defaultConfigurationIsVisible = 0;
			defaultConfigurationName = Release;
		};
/* End XCConfigurationList section */
	};
	rootObject = 735A59B52BD0414000CD12DE /* Project object */;
}
